
Microsoft Visual Studio Solution File, Format Version 12.00
# Visual Studio Version 16
VisualStudioVersion = 16.0.31205.134
MinimumVisualStudioVersion = 10.0.40219.1
Project("{FAE04EC0-301F-11D3-BF4B-00C04F79EFBC}") = "HelloGame", "HelloGame\HelloGame.csproj", "{92BC7D3B-B834-4D2A-B50D-0D352E329A39}"
EndProject
Global
	GlobalSection(SolutionConfigurationPlatforms) = preSolution
		Debug|Any CPU = Debug|Any CPU
		Release|Any CPU = Release|Any CPU
	EndGlobalSection
	GlobalSection(ProjectConfigurationPlatforms) = postSolution
		{92BC7D3B-B834-4D2A-B50D-0D352E329A39}.Debug|Any CPU.ActiveCfg = Debug|Any CPU
		{92BC7D3B-B834-4D2A-B50D-0D352E329A39}.Debug|Any CPU.Build.0 = Debug|Any CPU
		{92BC7D3B-B834-4D2A-B50D-0D352E329A39}.Release|Any CPU.ActiveCfg = Release|Any CPU
		{92BC7D3B-B834-4D2A-B50D-0D352E329A39}.Release|Any CPU.Build.0 = Release|Any CPU
	EndGlobalSection
	GlobalSection(SolutionProperties) = preSolution
		HideSolutionNode = FALSE
	EndGlobalSection
	GlobalSection(ExtensibilityGlobals) = postSolution
		SolutionGuid = {037E844E-6B02-411C-85EF-DCBC6FC0846C}
	EndGlobalSection
EndGlobal
